
Microsoft Visual Studio Solution File, Format Version 12.00
# Visual Studio Version 16
VisualStudioVersion = 16.0.28803.202
MinimumVisualStudioVersion = 10.0.40219.1
Project("{FAE04EC0-301F-11D3-BF4B-00C04F79EFBC}") = "WindowsFormsApp1", "WindowsFormsApp1.csproj", "{C5C8D236-5BF7-48AB-BFF5-B847C6BD3D36}"
EndProject
Global
	GlobalSection(SolutionConfigurationPlatforms) = preSolution
		Debug|Any CPU = Debug|Any CPU
		Release|Any CPU = Release|Any CPU
	EndGlobalSection
	GlobalSection(ProjectConfigurationPlatforms) = postSolution
		{C5C8D236-5BF7-48AB-BFF5-B847C6BD3D36}.Debug|Any CPU.ActiveCfg = Debug|Any CPU
		{C5C8D236-5BF7-48AB-BFF5-B847C6BD3D36}.Debug|Any CPU.Build.0 = Debug|Any CPU
		{C5C8D236-5BF7-48AB-BFF5-B847C6BD3D36}.Release|Any CPU.ActiveCfg = Release|Any CPU
		{C5C8D236-5BF7-48AB-BFF5-B847C6BD3D36}.Release|Any CPU.Build.0 = Release|Any CPU
	EndGlobalSection
	GlobalSection(SolutionProperties) = preSolution
		HideSolutionNode = FALSE
	EndGlobalSection
	GlobalSection(ExtensibilityGlobals) = postSolution
		SolutionGuid = {637CE07A-C0A7-4F1C-92BC-E3842FE6D529}
	EndGlobalSection
EndGlobal
