
Microsoft Visual Studio Solution File, Format Version 12.00
# Visual Studio Version 16
VisualStudioVersion = 16.0.28803.202
MinimumVisualStudioVersion = 10.0.40219.1
Project("{FAE04EC0-301F-11D3-BF4B-00C04F79EFBC}") = "ExOne", "ExOne\ExOne.csproj", "{DF9249B9-7D82-4AD8-8473-6E160B94DE7E}"
EndProject
Global
	GlobalSection(SolutionConfigurationPlatforms) = preSolution
		Debug|Any CPU = Debug|Any CPU
		Release|Any CPU = Release|Any CPU
	EndGlobalSection
	GlobalSection(ProjectConfigurationPlatforms) = postSolution
		{DF9249B9-7D82-4AD8-8473-6E160B94DE7E}.Debug|Any CPU.ActiveCfg = Debug|Any CPU
		{DF9249B9-7D82-4AD8-8473-6E160B94DE7E}.Debug|Any CPU.Build.0 = Debug|Any CPU
		{DF9249B9-7D82-4AD8-8473-6E160B94DE7E}.Release|Any CPU.ActiveCfg = Release|Any CPU
		{DF9249B9-7D82-4AD8-8473-6E160B94DE7E}.Release|Any CPU.Build.0 = Release|Any CPU
	EndGlobalSection
	GlobalSection(SolutionProperties) = preSolution
		HideSolutionNode = FALSE
	EndGlobalSection
	GlobalSection(ExtensibilityGlobals) = postSolution
		SolutionGuid = {82D22ADB-E299-40CE-A4F3-72D2791BBBED}
	EndGlobalSection
EndGlobal
