
Microsoft Visual Studio Solution File, Format Version 12.00
# Visual Studio Version 16
VisualStudioVersion = 16.0.28803.202
MinimumVisualStudioVersion = 10.0.40219.1
Project("{FAE04EC0-301F-11D3-BF4B-00C04F79EFBC}") = "ExThree", "ExThree\ExThree.csproj", "{F5C55E57-7F8F-4DE4-A6FF-522A223A33E3}"
EndProject
Global
	GlobalSection(SolutionConfigurationPlatforms) = preSolution
		Debug|Any CPU = Debug|Any CPU
		Release|Any CPU = Release|Any CPU
	EndGlobalSection
	GlobalSection(ProjectConfigurationPlatforms) = postSolution
		{F5C55E57-7F8F-4DE4-A6FF-522A223A33E3}.Debug|Any CPU.ActiveCfg = Debug|Any CPU
		{F5C55E57-7F8F-4DE4-A6FF-522A223A33E3}.Debug|Any CPU.Build.0 = Debug|Any CPU
		{F5C55E57-7F8F-4DE4-A6FF-522A223A33E3}.Release|Any CPU.ActiveCfg = Release|Any CPU
		{F5C55E57-7F8F-4DE4-A6FF-522A223A33E3}.Release|Any CPU.Build.0 = Release|Any CPU
	EndGlobalSection
	GlobalSection(SolutionProperties) = preSolution
		HideSolutionNode = FALSE
	EndGlobalSection
	GlobalSection(ExtensibilityGlobals) = postSolution
		SolutionGuid = {DE8C7C2A-4E0D-470D-9209-85D68D60B93F}
	EndGlobalSection
EndGlobal
