
Microsoft Visual Studio Solution File, Format Version 12.00
# Visual Studio Version 16
VisualStudioVersion = 16.0.28803.202
MinimumVisualStudioVersion = 10.0.40219.1
Project("{FAE04EC0-301F-11D3-BF4B-00C04F79EFBC}") = "ExTwo", "ExTwo\ExTwo.csproj", "{75274B20-4B96-4B44-B167-A364944FC739}"
EndProject
Global
	GlobalSection(SolutionConfigurationPlatforms) = preSolution
		Debug|Any CPU = Debug|Any CPU
		Release|Any CPU = Release|Any CPU
	EndGlobalSection
	GlobalSection(ProjectConfigurationPlatforms) = postSolution
		{75274B20-4B96-4B44-B167-A364944FC739}.Debug|Any CPU.ActiveCfg = Debug|Any CPU
		{75274B20-4B96-4B44-B167-A364944FC739}.Debug|Any CPU.Build.0 = Debug|Any CPU
		{75274B20-4B96-4B44-B167-A364944FC739}.Release|Any CPU.ActiveCfg = Release|Any CPU
		{75274B20-4B96-4B44-B167-A364944FC739}.Release|Any CPU.Build.0 = Release|Any CPU
	EndGlobalSection
	GlobalSection(SolutionProperties) = preSolution
		HideSolutionNode = FALSE
	EndGlobalSection
	GlobalSection(ExtensibilityGlobals) = postSolution
		SolutionGuid = {041B3BB5-CD91-4370-AD2C-2D68DF101379}
	EndGlobalSection
EndGlobal
