
Microsoft Visual Studio Solution File, Format Version 12.00
# Visual Studio Version 16
VisualStudioVersion = 16.0.28803.202
MinimumVisualStudioVersion = 10.0.40219.1
Project("{FAE04EC0-301F-11D3-BF4B-00C04F79EFBC}") = "ClientWindowsFormsApp", "ClientWindowsFormsApp/ClientWindowsFormsApp.csproj", "{4BDECA24-0420-4DC2-8FE7-A140A8141276}"
EndProject
Global
	GlobalSection(SolutionConfigurationPlatforms) = preSolution
		Debug|Any CPU = Debug|Any CPU
		Release|Any CPU = Release|Any CPU
	EndGlobalSection
	GlobalSection(ProjectConfigurationPlatforms) = postSolution
		{4BDECA24-0420-4DC2-8FE7-A140A8141276}.Debug|Any CPU.ActiveCfg = Debug|Any CPU
		{4BDECA24-0420-4DC2-8FE7-A140A8141276}.Debug|Any CPU.Build.0 = Debug|Any CPU
		{4BDECA24-0420-4DC2-8FE7-A140A8141276}.Release|Any CPU.ActiveCfg = Release|Any CPU
		{4BDECA24-0420-4DC2-8FE7-A140A8141276}.Release|Any CPU.Build.0 = Release|Any CPU
	EndGlobalSection
	GlobalSection(SolutionProperties) = preSolution
		HideSolutionNode = FALSE
	EndGlobalSection
	GlobalSection(ExtensibilityGlobals) = postSolution
		SolutionGuid = {E94C829B-78A2-48C9-8F02-94C697B1D517}
	EndGlobalSection
EndGlobal
