
Microsoft Visual Studio Solution File, Format Version 12.00
# Visual Studio Version 16
VisualStudioVersion = 16.0.28803.202
MinimumVisualStudioVersion = 10.0.40219.1
Project("{FAE04EC0-301F-11D3-BF4B-00C04F79EFBC}") = "MyFirstServices", "MyFirstServices\MyFirstServices.csproj", "{E04F1291-A8A9-48B6-837A-22434BE511BA}"
EndProject
Global
	GlobalSection(SolutionConfigurationPlatforms) = preSolution
		Debug|Any CPU = Debug|Any CPU
		Release|Any CPU = Release|Any CPU
	EndGlobalSection
	GlobalSection(ProjectConfigurationPlatforms) = postSolution
		{E04F1291-A8A9-48B6-837A-22434BE511BA}.Debug|Any CPU.ActiveCfg = Debug|Any CPU
		{E04F1291-A8A9-48B6-837A-22434BE511BA}.Debug|Any CPU.Build.0 = Debug|Any CPU
		{E04F1291-A8A9-48B6-837A-22434BE511BA}.Release|Any CPU.ActiveCfg = Release|Any CPU
		{E04F1291-A8A9-48B6-837A-22434BE511BA}.Release|Any CPU.Build.0 = Release|Any CPU
	EndGlobalSection
	GlobalSection(SolutionProperties) = preSolution
		HideSolutionNode = FALSE
	EndGlobalSection
	GlobalSection(ExtensibilityGlobals) = postSolution
		SolutionGuid = {AD47C225-428B-4B86-9542-3AB58F5523F3}
	EndGlobalSection
EndGlobal
